
Microsoft Visual Studio Solution File, Format Version 12.00
# Visual Studio 2012
Project("{FAE04EC0-301F-11D3-BF4B-00C04F79EFBC}") = "CountByN", "CountByN\CountByN.csproj", "{ECFCCF2F-339E-4F68-A07A-263B1A9ECFE7}"
EndProject
Global
	GlobalSection(SolutionConfigurationPlatforms) = preSolution
		Debug|Any CPU = Debug|Any CPU
		Release|Any CPU = Release|Any CPU
	EndGlobalSection
	GlobalSection(ProjectConfigurationPlatforms) = postSolution
		{ECFCCF2F-339E-4F68-A07A-263B1A9ECFE7}.Debug|Any CPU.ActiveCfg = Debug|Any CPU
		{ECFCCF2F-339E-4F68-A07A-263B1A9ECFE7}.Debug|Any CPU.Build.0 = Debug|Any CPU
		{ECFCCF2F-339E-4F68-A07A-263B1A9ECFE7}.Release|Any CPU.ActiveCfg = Release|Any CPU
		{ECFCCF2F-339E-4F68-A07A-263B1A9ECFE7}.Release|Any CPU.Build.0 = Release|Any CPU
	EndGlobalSection
	GlobalSection(SolutionProperties) = preSolution
		HideSolutionNode = FALSE
	EndGlobalSection
EndGlobal
