
Microsoft Visual Studio Solution File, Format Version 12.00
# Visual Studio 2012
Project("{FAE04EC0-301F-11D3-BF4B-00C04F79EFBC}") = "BinarySerializationDemo", "BinarySerializationDemo\BinarySerializationDemo.csproj", "{ADB9179A-88B9-46C3-84B0-6E6E9034B58D}"
EndProject
Global
	GlobalSection(SolutionConfigurationPlatforms) = preSolution
		Debug|Any CPU = Debug|Any CPU
		Release|Any CPU = Release|Any CPU
	EndGlobalSection
	GlobalSection(ProjectConfigurationPlatforms) = postSolution
		{ADB9179A-88B9-46C3-84B0-6E6E9034B58D}.Debug|Any CPU.ActiveCfg = Debug|Any CPU
		{ADB9179A-88B9-46C3-84B0-6E6E9034B58D}.Debug|Any CPU.Build.0 = Debug|Any CPU
		{ADB9179A-88B9-46C3-84B0-6E6E9034B58D}.Release|Any CPU.ActiveCfg = Release|Any CPU
		{ADB9179A-88B9-46C3-84B0-6E6E9034B58D}.Release|Any CPU.Build.0 = Release|Any CPU
	EndGlobalSection
	GlobalSection(SolutionProperties) = preSolution
		HideSolutionNode = FALSE
	EndGlobalSection
EndGlobal
